
Microsoft Visual Studio Solution File, Format Version 12.00
# Visual Studio Version 17
VisualStudioVersion = 17.8.34330.188
MinimumVisualStudioVersion = 10.0.40219.1
Project("{FAE04EC0-301F-11D3-BF4B-00C04F79EFBC}") = "leetcode10", "leetcode10\leetcode10.csproj", "{66A4A200-64FA-4C85-94B9-B92DED0997EF}"
EndProject
Project("{FAE04EC0-301F-11D3-BF4B-00C04F79EFBC}") = "RegexText", "RegexText\RegexText.csproj", "{B104870E-B9E3-470D-89F7-E03F38BF680C}"
EndProject
Project("{FAE04EC0-301F-11D3-BF4B-00C04F79EFBC}") = "RegexProjects", "RegexProjects\RegexProjects.csproj", "{80953E31-94A9-48AC-9CBC-2E774185E288}"
EndProject
Global
	GlobalSection(SolutionConfigurationPlatforms) = preSolution
		Debug|Any CPU = Debug|Any CPU
		Release|Any CPU = Release|Any CPU
	EndGlobalSection
	GlobalSection(ProjectConfigurationPlatforms) = postSolution
		{66A4A200-64FA-4C85-94B9-B92DED0997EF}.Debug|Any CPU.ActiveCfg = Debug|Any CPU
		{66A4A200-64FA-4C85-94B9-B92DED0997EF}.Debug|Any CPU.Build.0 = Debug|Any CPU
		{66A4A200-64FA-4C85-94B9-B92DED0997EF}.Release|Any CPU.ActiveCfg = Release|Any CPU
		{66A4A200-64FA-4C85-94B9-B92DED0997EF}.Release|Any CPU.Build.0 = Release|Any CPU
		{B104870E-B9E3-470D-89F7-E03F38BF680C}.Debug|Any CPU.ActiveCfg = Debug|Any CPU
		{B104870E-B9E3-470D-89F7-E03F38BF680C}.Debug|Any CPU.Build.0 = Debug|Any CPU
		{B104870E-B9E3-470D-89F7-E03F38BF680C}.Release|Any CPU.ActiveCfg = Release|Any CPU
		{B104870E-B9E3-470D-89F7-E03F38BF680C}.Release|Any CPU.Build.0 = Release|Any CPU
		{80953E31-94A9-48AC-9CBC-2E774185E288}.Debug|Any CPU.ActiveCfg = Debug|Any CPU
		{80953E31-94A9-48AC-9CBC-2E774185E288}.Debug|Any CPU.Build.0 = Debug|Any CPU
		{80953E31-94A9-48AC-9CBC-2E774185E288}.Release|Any CPU.ActiveCfg = Release|Any CPU
		{80953E31-94A9-48AC-9CBC-2E774185E288}.Release|Any CPU.Build.0 = Release|Any CPU
	EndGlobalSection
	GlobalSection(SolutionProperties) = preSolution
		HideSolutionNode = FALSE
	EndGlobalSection
	GlobalSection(ExtensibilityGlobals) = postSolution
		SolutionGuid = {B28361AA-14D8-4351-8923-6F48F37E7D02}
	EndGlobalSection
EndGlobal
